
Microsoft Visual Studio Solution File, Format Version 12.00
# Visual Studio 15
VisualStudioVersion = 15.0.27428.2002
MinimumVisualStudioVersion = 10.0.40219.1
Project("{FAE04EC0-301F-11D3-BF4B-00C04F79EFBC}") = "tpe1", "tpe1\tpe1.csproj", "{DDADEEEC-34C1-480E-A19A-156396DBBEF7}"
EndProject
Global
	GlobalSection(SolutionConfigurationPlatforms) = preSolution
		Debug|Any CPU = Debug|Any CPU
		Release|Any CPU = Release|Any CPU
	EndGlobalSection
	GlobalSection(ProjectConfigurationPlatforms) = postSolution
		{DDADEEEC-34C1-480E-A19A-156396DBBEF7}.Debug|Any CPU.ActiveCfg = Debug|Any CPU
		{DDADEEEC-34C1-480E-A19A-156396DBBEF7}.Debug|Any CPU.Build.0 = Debug|Any CPU
		{DDADEEEC-34C1-480E-A19A-156396DBBEF7}.Release|Any CPU.ActiveCfg = Release|Any CPU
		{DDADEEEC-34C1-480E-A19A-156396DBBEF7}.Release|Any CPU.Build.0 = Release|Any CPU
	EndGlobalSection
	GlobalSection(SolutionProperties) = preSolution
		HideSolutionNode = FALSE
	EndGlobalSection
	GlobalSection(ExtensibilityGlobals) = postSolution
		SolutionGuid = {F1297862-C873-4812-820D-35047049A270}
	EndGlobalSection
EndGlobal
